// !$*UTF8*$!
{
	archiveVersion = 1;
	classes = {
	};
	objectVersion = 55;
	objects = {

/* Begin PBXBuildFile section */
		79811FDC2890FBA5007D972D /* SettingsView.swift in Sources */ = {isa = PBXBuildFile; fileRef = 79811FDB2890FBA5007D972D /* SettingsView.swift */; };
		79811FDE2890FBB1007D972D /* SpotifyRemoteView.swift in Sources */ = {isa = PBXBuildFile; fileRef = 79811FDD2890FBB1007D972D /* SpotifyRemoteView.swift */; };
		79811FE02890FC0C007D972D /* FocusView.swift in Sources */ = {isa = PBXBuildFile; fileRef = 79811FDF2890FC0C007D972D /* FocusView.swift */; };
		79811FE22890FC15007D972D /* TimerView.swift in Sources */ = {isa = PBXBuildFile; fileRef = 79811FE12890FC15007D972D /* TimerView.swift */; };
		79811FE52890FD13007D972D /* GYFTabBar.swift in Sources */ = {isa = PBXBuildFile; fileRef = 79811FE42890FD13007D972D /* GYFTabBar.swift */; };
		79811FE72890FDD1007D972D /* TimerViewModel.swift in Sources */ = {isa = PBXBuildFile; fileRef = 79811FE62890FDD1007D972D /* TimerViewModel.swift */; };
		79913FED289204F700BF2DF7 /* SpotifyiOS.xcframework in Frameworks */ = {isa = PBXBuildFile; fileRef = 79C126D3289101F6006CEC6E /* SpotifyiOS.xcframework */; };
		79913FEE289204F700BF2DF7 /* SpotifyiOS.xcframework in Embed Frameworks */ = {isa = PBXBuildFile; fileRef = 79C126D3289101F6006CEC6E /* SpotifyiOS.xcframework */; settings = {ATTRIBUTES = (CodeSignOnCopy, RemoveHeadersOnCopy, ); }; };
		79C126B52890F680006CEC6E /* gymFloApp.swift in Sources */ = {isa = PBXBuildFile; fileRef = 79C126B42890F680006CEC6E /* gymFloApp.swift */; };
		79C126B92890F681006CEC6E /* Assets.xcassets in Resources */ = {isa = PBXBuildFile; fileRef = 79C126B82890F681006CEC6E /* Assets.xcassets */; };
		79C126BC2890F681006CEC6E /* Preview Assets.xcassets in Resources */ = {isa = PBXBuildFile; fileRef = 79C126BB2890F681006CEC6E /* Preview Assets.xcassets */; };
		79C126CA2890F86D006CEC6E /* Constants.swift in Sources */ = {isa = PBXBuildFile; fileRef = 79C126C92890F86D006CEC6E /* Constants.swift */; };
		79C126D72891024E006CEC6E /* Int+Ext.swift in Sources */ = {isa = PBXBuildFile; fileRef = 79C126D62891024E006CEC6E /* Int+Ext.swift */; };
		79C126D928910267006CEC6E /* Color+Ext.swift in Sources */ = {isa = PBXBuildFile; fileRef = 79C126D828910267006CEC6E /* Color+Ext.swift */; };
		79DB135A28988DA6005C85A9 /* SpotifyRemoteViewModel.swift in Sources */ = {isa = PBXBuildFile; fileRef = 79DB135928988DA6005C85A9 /* SpotifyRemoteViewModel.swift */; };
/* End PBXBuildFile section */

/* Begin PBXCopyFilesBuildPhase section */
		79913FEF289204F700BF2DF7 /* Embed Frameworks */ = {
			isa = PBXCopyFilesBuildPhase;
			buildActionMask = 2147483647;
			dstPath = "";
			dstSubfolderSpec = 10;
			files = (
				79913FEE289204F700BF2DF7 /* SpotifyiOS.xcframework in Embed Frameworks */,
			);
			name = "Embed Frameworks";
			runOnlyForDeploymentPostprocessing = 0;
		};
/* End PBXCopyFilesBuildPhase section */

/* Begin PBXFileReference section */
		79811FDB2890FBA5007D972D /* SettingsView.swift */ = {isa = PBXFileReference; lastKnownFileType = sourcecode.swift; path = SettingsView.swift; sourceTree = "<group>"; };
		79811FDD2890FBB1007D972D /* SpotifyRemoteView.swift */ = {isa = PBXFileReference; lastKnownFileType = sourcecode.swift; path = SpotifyRemoteView.swift; sourceTree = "<group>"; };
		79811FDF2890FC0C007D972D /* FocusView.swift */ = {isa = PBXFileReference; lastKnownFileType = sourcecode.swift; path = FocusView.swift; sourceTree = "<group>"; };
		79811FE12890FC15007D972D /* TimerView.swift */ = {isa = PBXFileReference; lastKnownFileType = sourcecode.swift; path = TimerView.swift; sourceTree = "<group>"; };
		79811FE42890FD13007D972D /* GYFTabBar.swift */ = {isa = PBXFileReference; lastKnownFileType = sourcecode.swift; path = GYFTabBar.swift; sourceTree = "<group>"; };
		79811FE62890FDD1007D972D /* TimerViewModel.swift */ = {isa = PBXFileReference; lastKnownFileType = sourcecode.swift; path = TimerViewModel.swift; sourceTree = "<group>"; };
		79C126B12890F680006CEC6E /* gymFlo.app */ = {isa = PBXFileReference; explicitFileType = wrapper.application; includeInIndex = 0; path = gymFlo.app; sourceTree = BUILT_PRODUCTS_DIR; };
		79C126B42890F680006CEC6E /* gymFloApp.swift */ = {isa = PBXFileReference; lastKnownFileType = sourcecode.swift; path = gymFloApp.swift; sourceTree = "<group>"; };
		79C126B82890F681006CEC6E /* Assets.xcassets */ = {isa = PBXFileReference; lastKnownFileType = folder.assetcatalog; path = Assets.xcassets; sourceTree = "<group>"; };
		79C126BB2890F681006CEC6E /* Preview Assets.xcassets */ = {isa = PBXFileReference; lastKnownFileType = folder.assetcatalog; path = "Preview Assets.xcassets"; sourceTree = "<group>"; };
		79C126C52890F75B006CEC6E /* gymFlo-Bridging-Header.h */ = {isa = PBXFileReference; lastKnownFileType = sourcecode.c.h; path = "gymFlo-Bridging-Header.h"; sourceTree = "<group>"; };
		79C126C82890F7D8006CEC6E /* Info.plist */ = {isa = PBXFileReference; lastKnownFileType = text.plist.xml; path = Info.plist; sourceTree = "<group>"; };
		79C126C92890F86D006CEC6E /* Constants.swift */ = {isa = PBXFileReference; lastKnownFileType = sourcecode.swift; path = Constants.swift; sourceTree = "<group>"; };
		79C126D3289101F6006CEC6E /* SpotifyiOS.xcframework */ = {isa = PBXFileReference; lastKnownFileType = wrapper.xcframework; path = SpotifyiOS.xcframework; sourceTree = "<group>"; };
		79C126D62891024E006CEC6E /* Int+Ext.swift */ = {isa = PBXFileReference; lastKnownFileType = sourcecode.swift; path = "Int+Ext.swift"; sourceTree = "<group>"; };
		79C126D828910267006CEC6E /* Color+Ext.swift */ = {isa = PBXFileReference; lastKnownFileType = sourcecode.swift; path = "Color+Ext.swift"; sourceTree = "<group>"; };
		79DB135928988DA6005C85A9 /* SpotifyRemoteViewModel.swift */ = {isa = PBXFileReference; lastKnownFileType = sourcecode.swift; path = SpotifyRemoteViewModel.swift; sourceTree = "<group>"; };
/* End PBXFileReference section */

/* Begin PBXFrameworksBuildPhase section */
		79C126AE2890F680006CEC6E /* Frameworks */ = {
			isa = PBXFrameworksBuildPhase;
			buildActionMask = 2147483647;
			files = (
				79913FED289204F700BF2DF7 /* SpotifyiOS.xcframework in Frameworks */,
			);
			runOnlyForDeploymentPostprocessing = 0;
		};
/* End PBXFrameworksBuildPhase section */

/* Begin PBXGroup section */
		79811FD62890FB5E007D972D /* Screens */ = {
			isa = PBXGroup;
			children = (
				79811FE42890FD13007D972D /* GYFTabBar.swift */,
				79811FD72890FB63007D972D /* FocusView */,
				79811FDA2890FB88007D972D /* TimerView */,
				79811FD82890FB6B007D972D /* RemoteView */,
				79811FD92890FB83007D972D /* SettingsView */,
			);
			path = Screens;
			sourceTree = "<group>";
		};
		79811FD72890FB63007D972D /* FocusView */ = {
			isa = PBXGroup;
			children = (
				79811FDF2890FC0C007D972D /* FocusView.swift */,
			);
			path = FocusView;
			sourceTree = "<group>";
		};
		79811FD82890FB6B007D972D /* RemoteView */ = {
			isa = PBXGroup;
			children = (
				79DB135928988DA6005C85A9 /* SpotifyRemoteViewModel.swift */,
				79811FDD2890FBB1007D972D /* SpotifyRemoteView.swift */,
			);
			path = RemoteView;
			sourceTree = "<group>";
		};
		79811FD92890FB83007D972D /* SettingsView */ = {
			isa = PBXGroup;
			children = (
				79811FDB2890FBA5007D972D /* SettingsView.swift */,
			);
			path = SettingsView;
			sourceTree = "<group>";
		};
		79811FDA2890FB88007D972D /* TimerView */ = {
			isa = PBXGroup;
			children = (
				79811FE62890FDD1007D972D /* TimerViewModel.swift */,
				79811FE12890FC15007D972D /* TimerView.swift */,
			);
			path = TimerView;
			sourceTree = "<group>";
		};
		79C126A82890F680006CEC6E = {
			isa = PBXGroup;
			children = (
				79C126B32890F680006CEC6E /* gymFlo */,
				79C126B22890F680006CEC6E /* Products */,
			);
			sourceTree = "<group>";
		};
		79C126B22890F680006CEC6E /* Products */ = {
			isa = PBXGroup;
			children = (
				79C126B12890F680006CEC6E /* gymFlo.app */,
			);
			name = Products;
			sourceTree = "<group>";
		};
		79C126B32890F680006CEC6E /* gymFlo */ = {
			isa = PBXGroup;
			children = (
				79811FD62890FB5E007D972D /* Screens */,
				79C126CE2890FA51006CEC6E /* Helpers and Extensions */,
				79C126C22890F68A006CEC6E /* Resources */,
				79C126BA2890F681006CEC6E /* Preview Content */,
			);
			path = gymFlo;
			sourceTree = "<group>";
		};
		79C126BA2890F681006CEC6E /* Preview Content */ = {
			isa = PBXGroup;
			children = (
				79C126BB2890F681006CEC6E /* Preview Assets.xcassets */,
			);
			path = "Preview Content";
			sourceTree = "<group>";
		};
		79C126C22890F68A006CEC6E /* Resources */ = {
			isa = PBXGroup;
			children = (
				79C126CB2890F89D006CEC6E /* Spotify */,
				79C126B42890F680006CEC6E /* gymFloApp.swift */,
				79C126B82890F681006CEC6E /* Assets.xcassets */,
				79C126C82890F7D8006CEC6E /* Info.plist */,
			);
			path = Resources;
			sourceTree = "<group>";
		};
		79C126CB2890F89D006CEC6E /* Spotify */ = {
			isa = PBXGroup;
			children = (
				79C126D3289101F6006CEC6E /* SpotifyiOS.xcframework */,
				79C126C52890F75B006CEC6E /* gymFlo-Bridging-Header.h */,
			);
			path = Spotify;
			sourceTree = "<group>";
		};
		79C126CE2890FA51006CEC6E /* Helpers and Extensions */ = {
			isa = PBXGroup;
			children = (
				79C126D528910246006CEC6E /* Extension */,
				79C126CF2890FA5C006CEC6E /* Helpers */,
			);
			path = "Helpers and Extensions";
			sourceTree = "<group>";
		};
		79C126CF2890FA5C006CEC6E /* Helpers */ = {
			isa = PBXGroup;
			children = (
				79C126C92890F86D006CEC6E /* Constants.swift */,
			);
			path = Helpers;
			sourceTree = "<group>";
		};
		79C126D528910246006CEC6E /* Extension */ = {
			isa = PBXGroup;
			children = (
				79C126D62891024E006CEC6E /* Int+Ext.swift */,
				79C126D828910267006CEC6E /* Color+Ext.swift */,
			);
			path = Extension;
			sourceTree = "<group>";
		};
/* End PBXGroup section */

/* Begin PBXNativeTarget section */
		79C126B02890F680006CEC6E /* gymFlo */ = {
			isa = PBXNativeTarget;
			buildConfigurationList = 79C126BF2890F681006CEC6E /* Build configuration list for PBXNativeTarget "gymFlo" */;
			buildPhases = (
				79C126AD2890F680006CEC6E /* Sources */,
				79C126AE2890F680006CEC6E /* Frameworks */,
				79C126AF2890F680006CEC6E /* Resources */,
				79913FEF289204F700BF2DF7 /* Embed Frameworks */,
			);
			buildRules = (
			);
			dependencies = (
			);
			name = gymFlo;
			productName = gymFlo;
			productReference = 79C126B12890F680006CEC6E /* gymFlo.app */;
			productType = "com.apple.product-type.application";
		};
/* End PBXNativeTarget section */

/* Begin PBXProject section */
		79C126A92890F680006CEC6E /* Project object */ = {
			isa = PBXProject;
			attributes = {
				BuildIndependentTargetsInParallel = 1;
				LastSwiftUpdateCheck = 1340;
				LastUpgradeCheck = 1340;
				TargetAttributes = {
					79C126B02890F680006CEC6E = {
						CreatedOnToolsVersion = 13.4.1;
						LastSwiftMigration = 1340;
					};
				};
			};
			buildConfigurationList = 79C126AC2890F680006CEC6E /* Build configuration list for PBXProject "gymFlo" */;
			compatibilityVersion = "Xcode 13.0";
			developmentRegion = en;
			hasScannedForEncodings = 0;
			knownRegions = (
				en,
				Base,
			);
			mainGroup = 79C126A82890F680006CEC6E;
			productRefGroup = 79C126B22890F680006CEC6E /* Products */;
			projectDirPath = "";
			projectRoot = "";
			targets = (
				79C126B02890F680006CEC6E /* gymFlo */,
			);
		};
/* End PBXProject section */

/* Begin PBXResourcesBuildPhase section */
		79C126AF2890F680006CEC6E /* Resources */ = {
			isa = PBXResourcesBuildPhase;
			buildActionMask = 2147483647;
			files = (
				79C126BC2890F681006CEC6E /* Preview Assets.xcassets in Resources */,
				79C126B92890F681006CEC6E /* Assets.xcassets in Resources */,
			);
			runOnlyForDeploymentPostprocessing = 0;
		};
/* End PBXResourcesBuildPhase section */

/* Begin PBXSourcesBuildPhase section */
		79C126AD2890F680006CEC6E /* Sources */ = {
			isa = PBXSourcesBuildPhase;
			buildActionMask = 2147483647;
			files = (
				79811FE22890FC15007D972D /* TimerView.swift in Sources */,
				79811FDC2890FBA5007D972D /* SettingsView.swift in Sources */,
				79C126B52890F680006CEC6E /* gymFloApp.swift in Sources */,
				79811FDE2890FBB1007D972D /* SpotifyRemoteView.swift in Sources */,
				79811FE72890FDD1007D972D /* TimerViewModel.swift in Sources */,
				79DB135A28988DA6005C85A9 /* SpotifyRemoteViewModel.swift in Sources */,
				79C126D72891024E006CEC6E /* Int+Ext.swift in Sources */,
				79C126CA2890F86D006CEC6E /* Constants.swift in Sources */,
				79811FE02890FC0C007D972D /* FocusView.swift in Sources */,
				79811FE52890FD13007D972D /* GYFTabBar.swift in Sources */,
				79C126D928910267006CEC6E /* Color+Ext.swift in Sources */,
			);
			runOnlyForDeploymentPostprocessing = 0;
		};
/* End PBXSourcesBuildPhase section */

/* Begin XCBuildConfiguration section */
		79C126BD2890F681006CEC6E /* Debug */ = {
			isa = XCBuildConfiguration;
			buildSettings = {
				ALWAYS_SEARCH_USER_PATHS = NO;
				CLANG_ANALYZER_NONNULL = YES;
				CLANG_ANALYZER_NUMBER_OBJECT_CONVERSION = YES_AGGRESSIVE;
				CLANG_CXX_LANGUAGE_STANDARD = "gnu++17";
				CLANG_ENABLE_MODULES = YES;
				CLANG_ENABLE_OBJC_ARC = YES;
				CLANG_ENABLE_OBJC_WEAK = YES;
				CLANG_WARN_BLOCK_CAPTURE_AUTORELEASING = YES;
				CLANG_WARN_BOOL_CONVERSION = YES;
				CLANG_WARN_COMMA = YES;
				CLANG_WARN_CONSTANT_CONVERSION = YES;
				CLANG_WARN_DEPRECATED_OBJC_IMPLEMENTATIONS = YES;
				CLANG_WARN_DIRECT_OBJC_ISA_USAGE = YES_ERROR;
				CLANG_WARN_DOCUMENTATION_COMMENTS = YES;
				CLANG_WARN_EMPTY_BODY = YES;
				CLANG_WARN_ENUM_CONVERSION = YES;
				CLANG_WARN_INFINITE_RECURSION = YES;
				CLANG_WARN_INT_CONVERSION = YES;
				CLANG_WARN_NON_LITERAL_NULL_CONVERSION = YES;
				CLANG_WARN_OBJC_IMPLICIT_RETAIN_SELF = YES;
				CLANG_WARN_OBJC_LITERAL_CONVERSION = YES;
				CLANG_WARN_OBJC_ROOT_CLASS = YES_ERROR;
				CLANG_WARN_QUOTED_INCLUDE_IN_FRAMEWORK_HEADER = YES;
				CLANG_WARN_RANGE_LOOP_ANALYSIS = YES;
				CLANG_WARN_STRICT_PROTOTYPES = YES;
				CLANG_WARN_SUSPICIOUS_MOVE = YES;
				CLANG_WARN_UNGUARDED_AVAILABILITY = YES_AGGRESSIVE;
				CLANG_WARN_UNREACHABLE_CODE = YES;
				CLANG_WARN__DUPLICATE_METHOD_MATCH = YES;
				COPY_PHASE_STRIP = NO;
				DEBUG_INFORMATION_FORMAT = dwarf;
				ENABLE_STRICT_OBJC_MSGSEND = YES;
				ENABLE_TESTABILITY = YES;
				EXCLUDED_ARCHS = "";
				GCC_C_LANGUAGE_STANDARD = gnu11;
				GCC_DYNAMIC_NO_PIC = NO;
				GCC_NO_COMMON_BLOCKS = YES;
				GCC_OPTIMIZATION_LEVEL = 0;
				GCC_PREPROCESSOR_DEFINITIONS = (
					"DEBUG=1",
					"$(inherited)",
				);
				GCC_WARN_64_TO_32_BIT_CONVERSION = YES;
				GCC_WARN_ABOUT_RETURN_TYPE = YES_ERROR;
				GCC_WARN_UNDECLARED_SELECTOR = YES;
				GCC_WARN_UNINITIALIZED_AUTOS = YES_AGGRESSIVE;
				GCC_WARN_UNUSED_FUNCTION = YES;
				GCC_WARN_UNUSED_VARIABLE = YES;
				IPHONEOS_DEPLOYMENT_TARGET = 15.5;
				MTL_ENABLE_DEBUG_INFO = INCLUDE_SOURCE;
				MTL_FAST_MATH = YES;
				ONLY_ACTIVE_ARCH = YES;
				SDKROOT = iphoneos;
				SWIFT_ACTIVE_COMPILATION_CONDITIONS = DEBUG;
				SWIFT_OPTIMIZATION_LEVEL = "-Onone";
			};
			name = Debug;
		};
		79C126BE2890F681006CEC6E /* Release */ = {
			isa = XCBuildConfiguration;
			buildSettings = {
				ALWAYS_SEARCH_USER_PATHS = NO;
				CLANG_ANALYZER_NONNULL = YES;
				CLANG_ANALYZER_NUMBER_OBJECT_CONVERSION = YES_AGGRESSIVE;
				CLANG_CXX_LANGUAGE_STANDARD = "gnu++17";
				CLANG_ENABLE_MODULES = YES;
				CLANG_ENABLE_OBJC_ARC = YES;
				CLANG_ENABLE_OBJC_WEAK = YES;
				CLANG_WARN_BLOCK_CAPTURE_AUTORELEASING = YES;
				CLANG_WARN_BOOL_CONVERSION = YES;
				CLANG_WARN_COMMA = YES;
				CLANG_WARN_CONSTANT_CONVERSION = YES;
				CLANG_WARN_DEPRECATED_OBJC_IMPLEMENTATIONS = YES;
				CLANG_WARN_DIRECT_OBJC_ISA_USAGE = YES_ERROR;
				CLANG_WARN_DOCUMENTATION_COMMENTS = YES;
				CLANG_WARN_EMPTY_BODY = YES;
				CLANG_WARN_ENUM_CONVERSION = YES;
				CLANG_WARN_INFINITE_RECURSION = YES;
				CLANG_WARN_INT_CONVERSION = YES;
				CLANG_WARN_NON_LITERAL_NULL_CONVERSION = YES;
				CLANG_WARN_OBJC_IMPLICIT_RETAIN_SELF = YES;
				CLANG_WARN_OBJC_LITERAL_CONVERSION = YES;
				CLANG_WARN_OBJC_ROOT_CLASS = YES_ERROR;
				CLANG_WARN_QUOTED_INCLUDE_IN_FRAMEWORK_HEADER = YES;
				CLANG_WARN_RANGE_LOOP_ANALYSIS = YES;
				CLANG_WARN_STRICT_PROTOTYPES = YES;
				CLANG_WARN_SUSPICIOUS_MOVE = YES;
				CLANG_WARN_UNGUARDED_AVAILABILITY = YES_AGGRESSIVE;
				CLANG_WARN_UNREACHABLE_CODE = YES;
				CLANG_WARN__DUPLICATE_METHOD_MATCH = YES;
				COPY_PHASE_STRIP = NO;
				DEBUG_INFORMATION_FORMAT = "dwarf-with-dsym";
				ENABLE_NS_ASSERTIONS = NO;
				ENABLE_STRICT_OBJC_MSGSEND = YES;
				EXCLUDED_ARCHS = "";
				GCC_C_LANGUAGE_STANDARD = gnu11;
				GCC_NO_COMMON_BLOCKS = YES;
				GCC_WARN_64_TO_32_BIT_CONVERSION = YES;
				GCC_WARN_ABOUT_RETURN_TYPE = YES_ERROR;
				GCC_WARN_UNDECLARED_SELECTOR = YES;
				GCC_WARN_UNINITIALIZED_AUTOS = YES_AGGRESSIVE;
				GCC_WARN_UNUSED_FUNCTION = YES;
				GCC_WARN_UNUSED_VARIABLE = YES;
				IPHONEOS_DEPLOYMENT_TARGET = 15.5;
				MTL_ENABLE_DEBUG_INFO = NO;
				MTL_FAST_MATH = YES;
				SDKROOT = iphoneos;
				SWIFT_COMPILATION_MODE = wholemodule;
				SWIFT_OPTIMIZATION_LEVEL = "-O";
				VALIDATE_PRODUCT = YES;
			};
			name = Release;
		};
		79C126C02890F681006CEC6E /* Debug */ = {
			isa = XCBuildConfiguration;
			buildSettings = {
				ASSETCATALOG_COMPILER_APPICON_NAME = AppIcon;
				ASSETCATALOG_COMPILER_GLOBAL_ACCENT_COLOR_NAME = AccentColor;
				CLANG_ENABLE_MODULES = YES;
				CODE_SIGN_STYLE = Automatic;
				CURRENT_PROJECT_VERSION = 1;
				DEVELOPMENT_ASSET_PATHS = "\"gymFlo/Preview Content\"";
				DEVELOPMENT_TEAM = 7VVA7JF63G;
				ENABLE_PREVIEWS = YES;
				FRAMEWORK_SEARCH_PATHS = (
					"$(inherited)",
					"$(PROJECT_DIR)/gymFlo",
					"$(PROJECT_DIR)/gymFlo/Resources/Spotify",
				);
				GENERATE_INFOPLIST_FILE = YES;
				INFOPLIST_FILE = gymFlo/Resources/Info.plist;
				INFOPLIST_KEY_UIApplicationSceneManifest_Generation = YES;
				INFOPLIST_KEY_UIApplicationSupportsIndirectInputEvents = YES;
				INFOPLIST_KEY_UILaunchScreen_Generation = YES;
				INFOPLIST_KEY_UISupportedInterfaceOrientations_iPad = "UIInterfaceOrientationPortrait UIInterfaceOrientationPortraitUpsideDown UIInterfaceOrientationLandscapeLeft UIInterfaceOrientationLandscapeRight";
				INFOPLIST_KEY_UISupportedInterfaceOrientations_iPhone = "UIInterfaceOrientationPortrait UIInterfaceOrientationLandscapeLeft UIInterfaceOrientationLandscapeRight";
				IPHONEOS_DEPLOYMENT_TARGET = 15.0;
				LD_RUNPATH_SEARCH_PATHS = (
					"$(inherited)",
					"@executable_path/Frameworks",
				);
				MARKETING_VERSION = 1.0;
				OTHER_LDFLAGS = "-ObjC";
				PRODUCT_BUNDLE_IDENTIFIER = com.RiverMccaine.gymFlo;
				PRODUCT_NAME = "$(TARGET_NAME)";
				SWIFT_EMIT_LOC_STRINGS = YES;
				SWIFT_OBJC_BRIDGING_HEADER = "gymFlo/Resources/Spotify/gymFlo-Bridging-Header.h";
				SWIFT_OPTIMIZATION_LEVEL = "-Onone";
				SWIFT_VERSION = 5.0;
				TARGETED_DEVICE_FAMILY = "1,2";
			};
			name = Debug;
		};
		79C126C12890F681006CEC6E /* Release */ = {
			isa = XCBuildConfiguration;
			buildSettings = {
				ASSETCATALOG_COMPILER_APPICON_NAME = AppIcon;
				ASSETCATALOG_COMPILER_GLOBAL_ACCENT_COLOR_NAME = AccentColor;
				CLANG_ENABLE_MODULES = YES;
				CODE_SIGN_STYLE = Automatic;
				CURRENT_PROJECT_VERSION = 1;
				DEVELOPMENT_ASSET_PATHS = "\"gymFlo/Preview Content\"";
				DEVELOPMENT_TEAM = 7VVA7JF63G;
				ENABLE_PREVIEWS = YES;
				FRAMEWORK_SEARCH_PATHS = (
					"$(inherited)",
					"$(PROJECT_DIR)/gymFlo",
					"$(PROJECT_DIR)/gymFlo/Resources/Spotify",
				);
				GENERATE_INFOPLIST_FILE = YES;
				INFOPLIST_FILE = gymFlo/Resources/Info.plist;
				INFOPLIST_KEY_UIApplicationSceneManifest_Generation = YES;
				INFOPLIST_KEY_UIApplicationSupportsIndirectInputEvents = YES;
				INFOPLIST_KEY_UILaunchScreen_Generation = YES;
				INFOPLIST_KEY_UISupportedInterfaceOrientations_iPad = "UIInterfaceOrientationPortrait UIInterfaceOrientationPortraitUpsideDown UIInterfaceOrientationLandscapeLeft UIInterfaceOrientationLandscapeRight";
				INFOPLIST_KEY_UISupportedInterfaceOrientations_iPhone = "UIInterfaceOrientationPortrait UIInterfaceOrientationLandscapeLeft UIInterfaceOrientationLandscapeRight";
				IPHONEOS_DEPLOYMENT_TARGET = 15.0;
				LD_RUNPATH_SEARCH_PATHS = (
					"$(inherited)",
					"@executable_path/Frameworks",
				);
				MARKETING_VERSION = 1.0;
				OTHER_LDFLAGS = "-ObjC";
				PRODUCT_BUNDLE_IDENTIFIER = com.RiverMccaine.gymFlo;
				PRODUCT_NAME = "$(TARGET_NAME)";
				SWIFT_EMIT_LOC_STRINGS = YES;
				SWIFT_OBJC_BRIDGING_HEADER = "gymFlo/Resources/Spotify/gymFlo-Bridging-Header.h";
				SWIFT_VERSION = 5.0;
				TARGETED_DEVICE_FAMILY = "1,2";
			};
			name = Release;
		};
/* End XCBuildConfiguration section */

/* Begin XCConfigurationList section */
		79C126AC2890F680006CEC6E /* Build configuration list for PBXProject "gymFlo" */ = {
			isa = XCConfigurationList;
			buildConfigurations = (
				79C126BD2890F681006CEC6E /* Debug */,
				79C126BE2890F681006CEC6E /* Release */,
			);
			defaultConfigurationIsVisible = 0;
			defaultConfigurationName = Release;
		};
		79C126BF2890F681006CEC6E /* Build configuration list for PBXNativeTarget "gymFlo" */ = {
			isa = XCConfigurationList;
			buildConfigurations = (
				79C126C02890F681006CEC6E /* Debug */,
				79C126C12890F681006CEC6E /* Release */,
			);
			defaultConfigurationIsVisible = 0;
			defaultConfigurationName = Release;
		};
/* End XCConfigurationList section */
	};
	rootObject = 79C126A92890F680006CEC6E /* Project object */;
}
